
Microsoft Visual Studio Solution File, Format Version 12.00
# Visual Studio 15
VisualStudioVersion = 15.0.28307.421
MinimumVisualStudioVersion = 10.0.40219.1
Project("{FAE04EC0-301F-11D3-BF4B-00C04F79EFBC}") = "TicTacToe2", "TicTacToe2\TicTacToe2.csproj", "{1518EF8C-4305-4AFF-A474-B146B9F9D460}"
EndProject
Global
	GlobalSection(SolutionConfigurationPlatforms) = preSolution
		Debug|Any CPU = Debug|Any CPU
		Release|Any CPU = Release|Any CPU
	EndGlobalSection
	GlobalSection(ProjectConfigurationPlatforms) = postSolution
		{1518EF8C-4305-4AFF-A474-B146B9F9D460}.Debug|Any CPU.ActiveCfg = Debug|Any CPU
		{1518EF8C-4305-4AFF-A474-B146B9F9D460}.Debug|Any CPU.Build.0 = Debug|Any CPU
		{1518EF8C-4305-4AFF-A474-B146B9F9D460}.Release|Any CPU.ActiveCfg = Release|Any CPU
		{1518EF8C-4305-4AFF-A474-B146B9F9D460}.Release|Any CPU.Build.0 = Release|Any CPU
	EndGlobalSection
	GlobalSection(SolutionProperties) = preSolution
		HideSolutionNode = FALSE
	EndGlobalSection
	GlobalSection(ExtensibilityGlobals) = postSolution
		SolutionGuid = {F785C913-51FC-4F05-826E-9175AC945CB1}
	EndGlobalSection
EndGlobal
