
Microsoft Visual Studio Solution File, Format Version 12.00
# Visual Studio 15
VisualStudioVersion = 15.0.28307.421
MinimumVisualStudioVersion = 10.0.40219.1
Project("{FAE04EC0-301F-11D3-BF4B-00C04F79EFBC}") = "Calculus", "Calculus\Calculus.csproj", "{1CF12D44-68C3-465B-97DC-4854B7E17598}"
EndProject
Global
	GlobalSection(SolutionConfigurationPlatforms) = preSolution
		Debug|Any CPU = Debug|Any CPU
		Release|Any CPU = Release|Any CPU
	EndGlobalSection
	GlobalSection(ProjectConfigurationPlatforms) = postSolution
		{1CF12D44-68C3-465B-97DC-4854B7E17598}.Debug|Any CPU.ActiveCfg = Debug|Any CPU
		{1CF12D44-68C3-465B-97DC-4854B7E17598}.Debug|Any CPU.Build.0 = Debug|Any CPU
		{1CF12D44-68C3-465B-97DC-4854B7E17598}.Release|Any CPU.ActiveCfg = Release|Any CPU
		{1CF12D44-68C3-465B-97DC-4854B7E17598}.Release|Any CPU.Build.0 = Release|Any CPU
	EndGlobalSection
	GlobalSection(SolutionProperties) = preSolution
		HideSolutionNode = FALSE
	EndGlobalSection
	GlobalSection(ExtensibilityGlobals) = postSolution
		SolutionGuid = {21058DF4-A5A6-490E-B294-AA50D40898B4}
	EndGlobalSection
EndGlobal
